
Microsoft Visual Studio Solution File, Format Version 12.00
# Visual Studio Version 17
VisualStudioVersion = 17.9.34622.214
MinimumVisualStudioVersion = 10.0.40219.1
Project("{FAE04EC0-301F-11D3-BF4B-00C04F79EFBC}") = "HospitalAppointmentSystem", "HospitalAppointmentSystem\HospitalAppointmentSystem.csproj", "{2B121426-C605-4B7B-A9F8-6C5743DCFE9B}"
EndProject
Project("{FAE04EC0-301F-11D3-BF4B-00C04F79EFBC}") = "HospitalAppointmentSystem.Common", "HospitalAppointmentSystem.Common\HospitalAppointmentSystem.Common.csproj", "{B1B3D4CD-DA69-4A25-BC92-3F4835FDE9F6}"
EndProject
Project("{FAE04EC0-301F-11D3-BF4B-00C04F79EFBC}") = "HospitalAppointmentSystem.Data", "HospitalAppointmentSystem.Data\HospitalAppointmentSystem.Data.csproj", "{E0A0A4D9-32D5-4E43-8F22-26788DC72382}"
EndProject
Project("{FAE04EC0-301F-11D3-BF4B-00C04F79EFBC}") = "HospitalAppointmentSystem.Services", "HospitalAppointmentSystem.Services\HospitalAppointmentSystem.Services.csproj", "{C1C54167-72C3-4271-839D-7B370DE64CE8}"
EndProject
Global
	GlobalSection(SolutionConfigurationPlatforms) = preSolution
		Debug|Any CPU = Debug|Any CPU
		Release|Any CPU = Release|Any CPU
	EndGlobalSection
	GlobalSection(ProjectConfigurationPlatforms) = postSolution
		{2B121426-C605-4B7B-A9F8-6C5743DCFE9B}.Debug|Any CPU.ActiveCfg = Debug|Any CPU
		{2B121426-C605-4B7B-A9F8-6C5743DCFE9B}.Debug|Any CPU.Build.0 = Debug|Any CPU
		{2B121426-C605-4B7B-A9F8-6C5743DCFE9B}.Release|Any CPU.ActiveCfg = Release|Any CPU
		{2B121426-C605-4B7B-A9F8-6C5743DCFE9B}.Release|Any CPU.Build.0 = Release|Any CPU
		{B1B3D4CD-DA69-4A25-BC92-3F4835FDE9F6}.Debug|Any CPU.ActiveCfg = Debug|Any CPU
		{B1B3D4CD-DA69-4A25-BC92-3F4835FDE9F6}.Debug|Any CPU.Build.0 = Debug|Any CPU
		{B1B3D4CD-DA69-4A25-BC92-3F4835FDE9F6}.Release|Any CPU.ActiveCfg = Release|Any CPU
		{B1B3D4CD-DA69-4A25-BC92-3F4835FDE9F6}.Release|Any CPU.Build.0 = Release|Any CPU
		{E0A0A4D9-32D5-4E43-8F22-26788DC72382}.Debug|Any CPU.ActiveCfg = Debug|Any CPU
		{E0A0A4D9-32D5-4E43-8F22-26788DC72382}.Debug|Any CPU.Build.0 = Debug|Any CPU
		{E0A0A4D9-32D5-4E43-8F22-26788DC72382}.Release|Any CPU.ActiveCfg = Release|Any CPU
		{E0A0A4D9-32D5-4E43-8F22-26788DC72382}.Release|Any CPU.Build.0 = Release|Any CPU
		{C1C54167-72C3-4271-839D-7B370DE64CE8}.Debug|Any CPU.ActiveCfg = Debug|Any CPU
		{C1C54167-72C3-4271-839D-7B370DE64CE8}.Debug|Any CPU.Build.0 = Debug|Any CPU
		{C1C54167-72C3-4271-839D-7B370DE64CE8}.Release|Any CPU.ActiveCfg = Release|Any CPU
		{C1C54167-72C3-4271-839D-7B370DE64CE8}.Release|Any CPU.Build.0 = Release|Any CPU
	EndGlobalSection
	GlobalSection(SolutionProperties) = preSolution
		HideSolutionNode = FALSE
	EndGlobalSection
	GlobalSection(ExtensibilityGlobals) = postSolution
		SolutionGuid = {73FD938A-F423-40D4-81DE-53EC2191012D}
	EndGlobalSection
EndGlobal
